
Microsoft Visual Studio Solution File, Format Version 11.00
# Visual Studio 2010
Project("{F2A71F9B-5D33-465A-A702-920D77279786}") = "TreeBuilderWithZippers", "TreeBuilderWithZippers\TreeBuilderWithZippers.fsproj", "{FDEB7A19-3188-41D0-A947-E7E7E8A7FD68}"
EndProject
Global
	GlobalSection(SolutionConfigurationPlatforms) = preSolution
		Debug|Any CPU = Debug|Any CPU
		Release|Any CPU = Release|Any CPU
	EndGlobalSection
	GlobalSection(ProjectConfigurationPlatforms) = postSolution
		{FDEB7A19-3188-41D0-A947-E7E7E8A7FD68}.Debug|Any CPU.ActiveCfg = Debug|Any CPU
		{FDEB7A19-3188-41D0-A947-E7E7E8A7FD68}.Debug|Any CPU.Build.0 = Debug|Any CPU
		{FDEB7A19-3188-41D0-A947-E7E7E8A7FD68}.Release|Any CPU.ActiveCfg = Release|Any CPU
		{FDEB7A19-3188-41D0-A947-E7E7E8A7FD68}.Release|Any CPU.Build.0 = Release|Any CPU
	EndGlobalSection
	GlobalSection(SolutionProperties) = preSolution
		HideSolutionNode = FALSE
	EndGlobalSection
EndGlobal
